// !$*UTF8*$!
{
	archiveVersion = 1;
	classes = {
	};
	objectVersion = 46;
	objects = {

/* Begin PBXBuildFile section */
		02A1773029443D7AAD513458 /* LocalizationService.swift in Sources */ = {isa = PBXBuildFile; fileRef = 5217329BA18F5D07BB53D08C /* LocalizationService.swift */; };
		04330176F7AD27D4A51B4529 /* FormulaPad.storekit in Resources */ = {isa = PBXBuildFile; fileRef = 1274ED8B3AD4F63C8C392943 /* FormulaPad.storekit */; };
		056EBA24CB32C3D47949818F /* HistoryView.swift in Sources */ = {isa = PBXBuildFile; fileRef = 041392294FE92060D9F6AAE0 /* HistoryView.swift */; };
		121BAD13175D3541FB9485F9 /* Assets.xcassets in Resources */ = {isa = PBXBuildFile; fileRef = 99447246C8F91B09E38A8CFE /* Assets.xcassets */; };
		13DE0ACF68F9CA6729BB09AB /* Localizable.strings in Resources */ = {isa = PBXBuildFile; fileRef = 32D66E8C4D43B8452A19794F /* Localizable.strings */; };
		2ABF6447156E9FA11EBA9784 /* UnitCatalog.swift in Sources */ = {isa = PBXBuildFile; fileRef = 24741AA98FC3586C49D7BF45 /* UnitCatalog.swift */; };
		35FE28716E1E1C7414CB90A1 /* FormulaPadStore.swift in Sources */ = {isa = PBXBuildFile; fileRef = F21985472309D271CC738605 /* FormulaPadStore.swift */; };
		3856C1B9D9C471A9389CA1D7 /* RootView.swift in Sources */ = {isa = PBXBuildFile; fileRef = 03A38123870EF19174663576 /* RootView.swift */; };
		45416EE3DB5EE8959F1DE317 /* InfoPlist.strings in Resources */ = {isa = PBXBuildFile; fileRef = DA39F66C91D2E4A6AF17450C /* InfoPlist.strings */; };
		523BA72CB4585D3177A8554D /* Foundation.framework in Frameworks */ = {isa = PBXBuildFile; fileRef = C1D69208D6162E2495E6A25D /* Foundation.framework */; };
		5F84B41C827AC9A2DBF99362 /* AppStyle.swift in Sources */ = {isa = PBXBuildFile; fileRef = 89FEEE69E80EB9ADA353A89C /* AppStyle.swift */; };
		6C26BF1EDFB3E4D55B4DF53D /* AppModels.swift in Sources */ = {isa = PBXBuildFile; fileRef = 9A245665813B87EB49AC16FC /* AppModels.swift */; };
		6F6E4617439A98AD096A56BE /* NotesView.swift in Sources */ = {isa = PBXBuildFile; fileRef = 2F9DBEC31C90FC7C339EDC23 /* NotesView.swift */; };
		8024C8B6D7EFCB259CF00325 /* Localizable.strings in Resources */ = {isa = PBXBuildFile; fileRef = EF8E631F71CC0B2790B79115 /* Localizable.strings */; };
		94409617BD06D5AE6824129A /* PurchaseManager.swift in Sources */ = {isa = PBXBuildFile; fileRef = EF74BFCE989095B1CFA8DF3B /* PurchaseManager.swift */; };
		9B8C9B0441509F7F312F6F12 /* TemplateCatalog.swift in Sources */ = {isa = PBXBuildFile; fileRef = 6640D440336764172D04D148 /* TemplateCatalog.swift */; };
		9F491B6E359A7AEFCAE5E705 /* ToolsView.swift in Sources */ = {isa = PBXBuildFile; fileRef = 7BF766B511860990D1E778E2 /* ToolsView.swift */; };
		B1582AAFD823D2BA12A22F45 /* Localizable.strings in Resources */ = {isa = PBXBuildFile; fileRef = 8E495039ED3F5040410B00C3 /* Localizable.strings */; };
		B578CF091943AA5E6FD168DD /* InfoPlist.strings in Resources */ = {isa = PBXBuildFile; fileRef = 9127EC7FC032017BF3723C5F /* InfoPlist.strings */; };
		BE3AFDD9B2113C74983FA0BF /* ExpressionEvaluator.swift in Sources */ = {isa = PBXBuildFile; fileRef = AA57205BE5F379FAE51884F8 /* ExpressionEvaluator.swift */; };
		BE6C79CAE9ACEF4E4E696989 /* FormulaPadCoreTests.swift in Sources */ = {isa = PBXBuildFile; fileRef = 379F0C7263321C725839E052 /* FormulaPadCoreTests.swift */; };
		CEF1BBE6EE43FE2C6532ECEA /* Foundation.framework in Frameworks */ = {isa = PBXBuildFile; fileRef = C1D69208D6162E2495E6A25D /* Foundation.framework */; };
		D9609F062A0E4664917539AB /* InfoPlist.strings in Resources */ = {isa = PBXBuildFile; fileRef = 92E7C8D5A07E8CF36F6BE7BC /* InfoPlist.strings */; };
		DBF0136ED2F186D77BCC5518 /* SettingsView.swift in Sources */ = {isa = PBXBuildFile; fileRef = 1594F7ACB686F96772A1C3D2 /* SettingsView.swift */; };
		EE18E07169EBEB9FC339037D /* FormulaPadApp.swift in Sources */ = {isa = PBXBuildFile; fileRef = 1346792F969FCB9C00153777 /* FormulaPadApp.swift */; };
		EF890DD27BF362331A7FEC3E /* CalculateView.swift in Sources */ = {isa = PBXBuildFile; fileRef = 4550D7A6690596043D5DE2D5 /* CalculateView.swift */; };
/* End PBXBuildFile section */

/* Begin PBXContainerItemProxy section */
		34AF3062D0DA6BD7584120A0 /* PBXContainerItemProxy */ = {
			isa = PBXContainerItemProxy;
			containerPortal = 19F5FD74BCD9194886806AA9 /* Project object */;
			proxyType = 1;
			remoteGlobalIDString = CA2E5922E07CC3E6E94A619F;
			remoteInfo = FormulaPad;
		};
/* End PBXContainerItemProxy section */

/* Begin PBXFileReference section */
		03A38123870EF19174663576 /* RootView.swift */ = {isa = PBXFileReference; includeInIndex = 1; lastKnownFileType = sourcecode.swift; name = RootView.swift; path = FormulaPad/Views/RootView.swift; sourceTree = "<group>"; };
		041392294FE92060D9F6AAE0 /* HistoryView.swift */ = {isa = PBXFileReference; includeInIndex = 1; lastKnownFileType = sourcecode.swift; name = HistoryView.swift; path = FormulaPad/Views/HistoryView.swift; sourceTree = "<group>"; };
		1274ED8B3AD4F63C8C392943 /* FormulaPad.storekit */ = {isa = PBXFileReference; includeInIndex = 1; name = FormulaPad.storekit; path = FormulaPad/Resources/StoreKit/FormulaPad.storekit; sourceTree = "<group>"; };
		1346792F969FCB9C00153777 /* FormulaPadApp.swift */ = {isa = PBXFileReference; includeInIndex = 1; lastKnownFileType = sourcecode.swift; name = FormulaPadApp.swift; path = FormulaPad/App/FormulaPadApp.swift; sourceTree = "<group>"; };
		1594F7ACB686F96772A1C3D2 /* SettingsView.swift */ = {isa = PBXFileReference; includeInIndex = 1; lastKnownFileType = sourcecode.swift; name = SettingsView.swift; path = FormulaPad/Views/SettingsView.swift; sourceTree = "<group>"; };
		24741AA98FC3586C49D7BF45 /* UnitCatalog.swift */ = {isa = PBXFileReference; includeInIndex = 1; lastKnownFileType = sourcecode.swift; name = UnitCatalog.swift; path = FormulaPad/Services/UnitCatalog.swift; sourceTree = "<group>"; };
		2F9DBEC31C90FC7C339EDC23 /* NotesView.swift */ = {isa = PBXFileReference; includeInIndex = 1; lastKnownFileType = sourcecode.swift; name = NotesView.swift; path = FormulaPad/Views/NotesView.swift; sourceTree = "<group>"; };
		32D66E8C4D43B8452A19794F /* Localizable.strings */ = {isa = PBXFileReference; includeInIndex = 1; lastKnownFileType = text.plist.strings; name = Localizable.strings; path = FormulaPad/Resources/en.lproj/Localizable.strings; sourceTree = "<group>"; };
		379F0C7263321C725839E052 /* FormulaPadCoreTests.swift */ = {isa = PBXFileReference; includeInIndex = 1; lastKnownFileType = sourcecode.swift; name = FormulaPadCoreTests.swift; path = FormulaPadTests/FormulaPadCoreTests.swift; sourceTree = "<group>"; };
		4550D7A6690596043D5DE2D5 /* CalculateView.swift */ = {isa = PBXFileReference; includeInIndex = 1; lastKnownFileType = sourcecode.swift; name = CalculateView.swift; path = FormulaPad/Views/CalculateView.swift; sourceTree = "<group>"; };
		47FB45A16DFA4563629A71F1 /* FormulaPad.app */ = {isa = PBXFileReference; explicitFileType = wrapper.application; includeInIndex = 0; path = FormulaPad.app; sourceTree = BUILT_PRODUCTS_DIR; };
		5217329BA18F5D07BB53D08C /* LocalizationService.swift */ = {isa = PBXFileReference; includeInIndex = 1; lastKnownFileType = sourcecode.swift; name = LocalizationService.swift; path = FormulaPad/Services/LocalizationService.swift; sourceTree = "<group>"; };
		6640D440336764172D04D148 /* TemplateCatalog.swift */ = {isa = PBXFileReference; includeInIndex = 1; lastKnownFileType = sourcecode.swift; name = TemplateCatalog.swift; path = FormulaPad/Services/TemplateCatalog.swift; sourceTree = "<group>"; };
		7BF766B511860990D1E778E2 /* ToolsView.swift */ = {isa = PBXFileReference; includeInIndex = 1; lastKnownFileType = sourcecode.swift; name = ToolsView.swift; path = FormulaPad/Views/ToolsView.swift; sourceTree = "<group>"; };
		82056B31FFC9E44E435232BF /* FormulaPadTests.xctest */ = {isa = PBXFileReference; explicitFileType = wrapper.cfbundle; includeInIndex = 0; path = FormulaPadTests.xctest; sourceTree = BUILT_PRODUCTS_DIR; };
		89FEEE69E80EB9ADA353A89C /* AppStyle.swift */ = {isa = PBXFileReference; includeInIndex = 1; lastKnownFileType = sourcecode.swift; name = AppStyle.swift; path = FormulaPad/Services/AppStyle.swift; sourceTree = "<group>"; };
		8E495039ED3F5040410B00C3 /* Localizable.strings */ = {isa = PBXFileReference; includeInIndex = 1; lastKnownFileType = text.plist.strings; name = Localizable.strings; path = "FormulaPad/Resources/zh-Hans.lproj/Localizable.strings"; sourceTree = "<group>"; };
		9127EC7FC032017BF3723C5F /* InfoPlist.strings */ = {isa = PBXFileReference; includeInIndex = 1; lastKnownFileType = text.plist.strings; name = InfoPlist.strings; path = FormulaPad/Resources/en.lproj/InfoPlist.strings; sourceTree = "<group>"; };
		92E7C8D5A07E8CF36F6BE7BC /* InfoPlist.strings */ = {isa = PBXFileReference; includeInIndex = 1; lastKnownFileType = text.plist.strings; name = InfoPlist.strings; path = FormulaPad/Resources/ja.lproj/InfoPlist.strings; sourceTree = "<group>"; };
		99447246C8F91B09E38A8CFE /* Assets.xcassets */ = {isa = PBXFileReference; includeInIndex = 1; lastKnownFileType = folder.assetcatalog; name = Assets.xcassets; path = FormulaPad/Resources/Assets.xcassets; sourceTree = "<group>"; };
		9A245665813B87EB49AC16FC /* AppModels.swift */ = {isa = PBXFileReference; includeInIndex = 1; lastKnownFileType = sourcecode.swift; name = AppModels.swift; path = FormulaPad/Models/AppModels.swift; sourceTree = "<group>"; };
		AA57205BE5F379FAE51884F8 /* ExpressionEvaluator.swift */ = {isa = PBXFileReference; includeInIndex = 1; lastKnownFileType = sourcecode.swift; name = ExpressionEvaluator.swift; path = FormulaPad/Services/ExpressionEvaluator.swift; sourceTree = "<group>"; };
		C1D69208D6162E2495E6A25D /* Foundation.framework */ = {isa = PBXFileReference; lastKnownFileType = wrapper.framework; name = Foundation.framework; path = Platforms/iPhoneOS.platform/Developer/SDKs/iPhoneOS18.0.sdk/System/Library/Frameworks/Foundation.framework; sourceTree = DEVELOPER_DIR; };
		DA39F66C91D2E4A6AF17450C /* InfoPlist.strings */ = {isa = PBXFileReference; includeInIndex = 1; lastKnownFileType = text.plist.strings; name = InfoPlist.strings; path = "FormulaPad/Resources/zh-Hans.lproj/InfoPlist.strings"; sourceTree = "<group>"; };
		EF74BFCE989095B1CFA8DF3B /* PurchaseManager.swift */ = {isa = PBXFileReference; includeInIndex = 1; lastKnownFileType = sourcecode.swift; name = PurchaseManager.swift; path = FormulaPad/Services/PurchaseManager.swift; sourceTree = "<group>"; };
		EF8E631F71CC0B2790B79115 /* Localizable.strings */ = {isa = PBXFileReference; includeInIndex = 1; lastKnownFileType = text.plist.strings; name = Localizable.strings; path = FormulaPad/Resources/ja.lproj/Localizable.strings; sourceTree = "<group>"; };
		F21985472309D271CC738605 /* FormulaPadStore.swift */ = {isa = PBXFileReference; includeInIndex = 1; lastKnownFileType = sourcecode.swift; name = FormulaPadStore.swift; path = FormulaPad/Services/FormulaPadStore.swift; sourceTree = "<group>"; };
/* End PBXFileReference section */

/* Begin PBXFrameworksBuildPhase section */
		80839CA92D81D3414F4EBB1C /* Frameworks */ = {
			isa = PBXFrameworksBuildPhase;
			buildActionMask = 2147483647;
			files = (
				523BA72CB4585D3177A8554D /* Foundation.framework in Frameworks */,
			);
			runOnlyForDeploymentPostprocessing = 0;
		};
		84EB03C5B99C8EA1D7EDD42F /* Frameworks */ = {
			isa = PBXFrameworksBuildPhase;
			buildActionMask = 2147483647;
			files = (
				CEF1BBE6EE43FE2C6532ECEA /* Foundation.framework in Frameworks */,
			);
			runOnlyForDeploymentPostprocessing = 0;
		};
/* End PBXFrameworksBuildPhase section */

/* Begin PBXGroup section */
		38FB456105E905A4E8FD692A /* Products */ = {
			isa = PBXGroup;
			children = (
				47FB45A16DFA4563629A71F1 /* FormulaPad.app */,
				82056B31FFC9E44E435232BF /* FormulaPadTests.xctest */,
			);
			name = Products;
			sourceTree = "<group>";
		};
		5C14DADB659ECAAF14D7FEE9 /* iOS */ = {
			isa = PBXGroup;
			children = (
				C1D69208D6162E2495E6A25D /* Foundation.framework */,
			);
			name = iOS;
			sourceTree = "<group>";
		};
		90B7C596368892C743BB80BC /* Frameworks */ = {
			isa = PBXGroup;
			children = (
				5C14DADB659ECAAF14D7FEE9 /* iOS */,
			);
			name = Frameworks;
			sourceTree = "<group>";
		};
		91575391D906852F589F26BC /* FormulaPad */ = {
			isa = PBXGroup;
			children = (
				1346792F969FCB9C00153777 /* FormulaPadApp.swift */,
				9A245665813B87EB49AC16FC /* AppModels.swift */,
				89FEEE69E80EB9ADA353A89C /* AppStyle.swift */,
				AA57205BE5F379FAE51884F8 /* ExpressionEvaluator.swift */,
				F21985472309D271CC738605 /* FormulaPadStore.swift */,
				5217329BA18F5D07BB53D08C /* LocalizationService.swift */,
				EF74BFCE989095B1CFA8DF3B /* PurchaseManager.swift */,
				6640D440336764172D04D148 /* TemplateCatalog.swift */,
				24741AA98FC3586C49D7BF45 /* UnitCatalog.swift */,
				4550D7A6690596043D5DE2D5 /* CalculateView.swift */,
				041392294FE92060D9F6AAE0 /* HistoryView.swift */,
				2F9DBEC31C90FC7C339EDC23 /* NotesView.swift */,
				03A38123870EF19174663576 /* RootView.swift */,
				1594F7ACB686F96772A1C3D2 /* SettingsView.swift */,
				7BF766B511860990D1E778E2 /* ToolsView.swift */,
				99447246C8F91B09E38A8CFE /* Assets.xcassets */,
				9127EC7FC032017BF3723C5F /* InfoPlist.strings */,
				32D66E8C4D43B8452A19794F /* Localizable.strings */,
				92E7C8D5A07E8CF36F6BE7BC /* InfoPlist.strings */,
				EF8E631F71CC0B2790B79115 /* Localizable.strings */,
				DA39F66C91D2E4A6AF17450C /* InfoPlist.strings */,
				8E495039ED3F5040410B00C3 /* Localizable.strings */,
				1274ED8B3AD4F63C8C392943 /* FormulaPad.storekit */,
			);
			name = FormulaPad;
			sourceTree = "<group>";
		};
		9E3141FBAC430186D101BC65 /* FormulaPadTests */ = {
			isa = PBXGroup;
			children = (
				379F0C7263321C725839E052 /* FormulaPadCoreTests.swift */,
			);
			name = FormulaPadTests;
			sourceTree = "<group>";
		};
		F4CFD00782D3AA06EE55BC7A = {
			isa = PBXGroup;
			children = (
				38FB456105E905A4E8FD692A /* Products */,
				90B7C596368892C743BB80BC /* Frameworks */,
				91575391D906852F589F26BC /* FormulaPad */,
				9E3141FBAC430186D101BC65 /* FormulaPadTests */,
			);
			sourceTree = "<group>";
		};
/* End PBXGroup section */

/* Begin PBXNativeTarget section */
		9C821A3A255157F47B59C92C /* FormulaPadTests */ = {
			isa = PBXNativeTarget;
			buildConfigurationList = 11B4C3F9D76331423340F632 /* Build configuration list for PBXNativeTarget "FormulaPadTests" */;
			buildPhases = (
				D7701BE699231260480E80F2 /* Sources */,
				84EB03C5B99C8EA1D7EDD42F /* Frameworks */,
				6582F5DA4B97BC51592DD861 /* Resources */,
			);
			buildRules = (
			);
			dependencies = (
				4788378FB8BEBA26027D8943 /* PBXTargetDependency */,
			);
			name = FormulaPadTests;
			productName = FormulaPadTests;
			productReference = 82056B31FFC9E44E435232BF /* FormulaPadTests.xctest */;
			productType = "com.apple.product-type.bundle.unit-test";
		};
		CA2E5922E07CC3E6E94A619F /* FormulaPad */ = {
			isa = PBXNativeTarget;
			buildConfigurationList = FD012CC39789602316BAD6F0 /* Build configuration list for PBXNativeTarget "FormulaPad" */;
			buildPhases = (
				E817E9920234038FA88C3024 /* Sources */,
				80839CA92D81D3414F4EBB1C /* Frameworks */,
				0F1EB6786C8CC6C9883826E9 /* Resources */,
			);
			buildRules = (
			);
			dependencies = (
			);
			name = FormulaPad;
			productName = FormulaPad;
			productReference = 47FB45A16DFA4563629A71F1 /* FormulaPad.app */;
			productType = "com.apple.product-type.application";
		};
/* End PBXNativeTarget section */

/* Begin PBXProject section */
		19F5FD74BCD9194886806AA9 /* Project object */ = {
			isa = PBXProject;
			attributes = {
				LastSwiftUpdateCheck = 1600;
				LastUpgradeCheck = 2620;
				TargetAttributes = {
					9C821A3A255157F47B59C92C = {
						CreatedOnToolsVersion = 26.2;
						TestTargetID = CA2E5922E07CC3E6E94A619F;
					};
					CA2E5922E07CC3E6E94A619F = {
						CreatedOnToolsVersion = 26.2;
					};
				};
			};
			buildConfigurationList = EEFC5BBB50D4E22EE442A208 /* Build configuration list for PBXProject "FormulaPad" */;
			compatibilityVersion = "Xcode 3.2";
			developmentRegion = en;
			hasScannedForEncodings = 0;
			knownRegions = (
				en,
				Base,
			);
			mainGroup = F4CFD00782D3AA06EE55BC7A;
			minimizedProjectReferenceProxies = 0;
			preferredProjectObjectVersion = 77;
			productRefGroup = 38FB456105E905A4E8FD692A /* Products */;
			projectDirPath = "";
			projectRoot = "";
			targets = (
				CA2E5922E07CC3E6E94A619F /* FormulaPad */,
				9C821A3A255157F47B59C92C /* FormulaPadTests */,
			);
		};
/* End PBXProject section */

/* Begin PBXResourcesBuildPhase section */
		0F1EB6786C8CC6C9883826E9 /* Resources */ = {
			isa = PBXResourcesBuildPhase;
			buildActionMask = 2147483647;
			files = (
				121BAD13175D3541FB9485F9 /* Assets.xcassets in Resources */,
				B578CF091943AA5E6FD168DD /* InfoPlist.strings in Resources */,
				13DE0ACF68F9CA6729BB09AB /* Localizable.strings in Resources */,
				D9609F062A0E4664917539AB /* InfoPlist.strings in Resources */,
				8024C8B6D7EFCB259CF00325 /* Localizable.strings in Resources */,
				45416EE3DB5EE8959F1DE317 /* InfoPlist.strings in Resources */,
				B1582AAFD823D2BA12A22F45 /* Localizable.strings in Resources */,
				04330176F7AD27D4A51B4529 /* FormulaPad.storekit in Resources */,
			);
			runOnlyForDeploymentPostprocessing = 0;
		};
		6582F5DA4B97BC51592DD861 /* Resources */ = {
			isa = PBXResourcesBuildPhase;
			buildActionMask = 2147483647;
			files = (
			);
			runOnlyForDeploymentPostprocessing = 0;
		};
/* End PBXResourcesBuildPhase section */

/* Begin PBXSourcesBuildPhase section */
		D7701BE699231260480E80F2 /* Sources */ = {
			isa = PBXSourcesBuildPhase;
			buildActionMask = 2147483647;
			files = (
				BE6C79CAE9ACEF4E4E696989 /* FormulaPadCoreTests.swift in Sources */,
			);
			runOnlyForDeploymentPostprocessing = 0;
		};
		E817E9920234038FA88C3024 /* Sources */ = {
			isa = PBXSourcesBuildPhase;
			buildActionMask = 2147483647;
			files = (
				EE18E07169EBEB9FC339037D /* FormulaPadApp.swift in Sources */,
				6C26BF1EDFB3E4D55B4DF53D /* AppModels.swift in Sources */,
				5F84B41C827AC9A2DBF99362 /* AppStyle.swift in Sources */,
				BE3AFDD9B2113C74983FA0BF /* ExpressionEvaluator.swift in Sources */,
				35FE28716E1E1C7414CB90A1 /* FormulaPadStore.swift in Sources */,
				02A1773029443D7AAD513458 /* LocalizationService.swift in Sources */,
				94409617BD06D5AE6824129A /* PurchaseManager.swift in Sources */,
				9B8C9B0441509F7F312F6F12 /* TemplateCatalog.swift in Sources */,
				2ABF6447156E9FA11EBA9784 /* UnitCatalog.swift in Sources */,
				EF890DD27BF362331A7FEC3E /* CalculateView.swift in Sources */,
				056EBA24CB32C3D47949818F /* HistoryView.swift in Sources */,
				6F6E4617439A98AD096A56BE /* NotesView.swift in Sources */,
				3856C1B9D9C471A9389CA1D7 /* RootView.swift in Sources */,
				DBF0136ED2F186D77BCC5518 /* SettingsView.swift in Sources */,
				9F491B6E359A7AEFCAE5E705 /* ToolsView.swift in Sources */,
			);
			runOnlyForDeploymentPostprocessing = 0;
		};
/* End PBXSourcesBuildPhase section */

/* Begin PBXTargetDependency section */
		4788378FB8BEBA26027D8943 /* PBXTargetDependency */ = {
			isa = PBXTargetDependency;
			name = FormulaPad;
			target = CA2E5922E07CC3E6E94A619F /* FormulaPad */;
			targetProxy = 34AF3062D0DA6BD7584120A0 /* PBXContainerItemProxy */;
		};
/* End PBXTargetDependency section */

/* Begin XCBuildConfiguration section */
		2676193E182B7ECE847AC468 /* Release */ = {
			isa = XCBuildConfiguration;
			buildSettings = {
				ASSETCATALOG_COMPILER_APPICON_NAME = AppIcon;
				ASSETCATALOG_COMPILER_GLOBAL_ACCENT_COLOR_NAME = AccentColor;
				CLANG_ENABLE_OBJC_WEAK = NO;
				CODE_SIGN_STYLE = Automatic;
				CURRENT_PROJECT_VERSION = 1;
				DEVELOPMENT_TEAM = "";
				ENABLE_PREVIEWS = YES;
				GENERATE_INFOPLIST_FILE = NO;
				INFOPLIST_FILE = FormulaPad/Resources/Info.plist;
				IPHONEOS_DEPLOYMENT_TARGET = 17.0;
				LD_RUNPATH_SEARCH_PATHS = "$(inherited) @executable_path/Frameworks";
				MARKETING_VERSION = 1.0.0;
				PRODUCT_BUNDLE_IDENTIFIER = com.zhouyajie.formulapad;
				PRODUCT_NAME = "$(TARGET_NAME)";
				SDKROOT = iphoneos;
				SUPPORTED_PLATFORMS = "iphoneos iphonesimulator";
				SUPPORTS_MACCATALYST = NO;
				SUPPORTS_MAC_DESIGNED_FOR_IPHONE_IPAD = NO;
				SWIFT_VERSION = 5.0;
				TARGETED_DEVICE_FAMILY = 1;
				VALIDATE_PRODUCT = YES;
			};
			name = Release;
		};
		70D30AA23B5D41314086B7FF /* Release */ = {
			isa = XCBuildConfiguration;
			buildSettings = {
				BUNDLE_LOADER = "$(TEST_HOST)";
				CLANG_ENABLE_OBJC_WEAK = NO;
				CODE_SIGN_STYLE = Automatic;
				DEVELOPMENT_TEAM = "";
				GENERATE_INFOPLIST_FILE = YES;
				IPHONEOS_DEPLOYMENT_TARGET = 17.0;
				PRODUCT_BUNDLE_IDENTIFIER = com.zhouyajie.formulapad.tests;
				PRODUCT_NAME = "$(TARGET_NAME)";
				SDKROOT = iphoneos;
				SWIFT_VERSION = 5.0;
				TARGETED_DEVICE_FAMILY = 1;
				TEST_HOST = "$(BUILT_PRODUCTS_DIR)/FormulaPad.app/$(BUNDLE_EXECUTABLE_FOLDER_PATH)/FormulaPad";
				VALIDATE_PRODUCT = YES;
			};
			name = Release;
		};
		D6B8ED6681FB34310B696290 /* Debug */ = {
			isa = XCBuildConfiguration;
			buildSettings = {
				ASSETCATALOG_COMPILER_APPICON_NAME = AppIcon;
				ASSETCATALOG_COMPILER_GLOBAL_ACCENT_COLOR_NAME = AccentColor;
				CLANG_ENABLE_OBJC_WEAK = NO;
				CODE_SIGN_STYLE = Automatic;
				CURRENT_PROJECT_VERSION = 1;
				DEVELOPMENT_TEAM = "";
				ENABLE_PREVIEWS = YES;
				GENERATE_INFOPLIST_FILE = NO;
				INFOPLIST_FILE = FormulaPad/Resources/Info.plist;
				IPHONEOS_DEPLOYMENT_TARGET = 17.0;
				LD_RUNPATH_SEARCH_PATHS = "$(inherited) @executable_path/Frameworks";
				MARKETING_VERSION = 1.0.0;
				PRODUCT_BUNDLE_IDENTIFIER = com.zhouyajie.formulapad;
				PRODUCT_NAME = "$(TARGET_NAME)";
				SDKROOT = iphoneos;
				SUPPORTED_PLATFORMS = "iphoneos iphonesimulator";
				SUPPORTS_MACCATALYST = NO;
				SUPPORTS_MAC_DESIGNED_FOR_IPHONE_IPAD = NO;
				SWIFT_VERSION = 5.0;
				TARGETED_DEVICE_FAMILY = 1;
			};
			name = Debug;
		};
		DDE9FBCE3752A34925D2EBE3 /* Debug */ = {
			isa = XCBuildConfiguration;
			buildSettings = {
				ALWAYS_SEARCH_USER_PATHS = NO;
				CLANG_ANALYZER_NONNULL = YES;
				CLANG_ANALYZER_NUMBER_OBJECT_CONVERSION = YES_AGGRESSIVE;
				CLANG_CXX_LANGUAGE_STANDARD = "gnu++14";
				CLANG_CXX_LIBRARY = "libc++";
				CLANG_ENABLE_MODULES = YES;
				CLANG_ENABLE_OBJC_ARC = YES;
				CLANG_ENABLE_OBJC_WEAK = YES;
				CLANG_WARN_BLOCK_CAPTURE_AUTORELEASING = YES;
				CLANG_WARN_BOOL_CONVERSION = YES;
				CLANG_WARN_COMMA = YES;
				CLANG_WARN_CONSTANT_CONVERSION = YES;
				CLANG_WARN_DEPRECATED_OBJC_IMPLEMENTATIONS = YES;
				CLANG_WARN_DIRECT_OBJC_ISA_USAGE = YES_ERROR;
				CLANG_WARN_DOCUMENTATION_COMMENTS = YES;
				CLANG_WARN_EMPTY_BODY = YES;
				CLANG_WARN_ENUM_CONVERSION = YES;
				CLANG_WARN_INFINITE_RECURSION = YES;
				CLANG_WARN_INT_CONVERSION = YES;
				CLANG_WARN_NON_LITERAL_NULL_CONVERSION = YES;
				CLANG_WARN_OBJC_IMPLICIT_RETAIN_SELF = YES;
				CLANG_WARN_OBJC_LITERAL_CONVERSION = YES;
				CLANG_WARN_OBJC_ROOT_CLASS = YES_ERROR;
				CLANG_WARN_QUOTED_INCLUDE_IN_FRAMEWORK_HEADER = YES;
				CLANG_WARN_RANGE_LOOP_ANALYSIS = YES;
				CLANG_WARN_STRICT_PROTOTYPES = YES;
				CLANG_WARN_SUSPICIOUS_MOVE = YES;
				CLANG_WARN_UNGUARDED_AVAILABILITY = YES_AGGRESSIVE;
				CLANG_WARN_UNREACHABLE_CODE = YES;
				CLANG_WARN__DUPLICATE_METHOD_MATCH = YES;
				COPY_PHASE_STRIP = NO;
				DEBUG_INFORMATION_FORMAT = dwarf;
				ENABLE_STRICT_OBJC_MSGSEND = YES;
				ENABLE_TESTABILITY = YES;
				GCC_C_LANGUAGE_STANDARD = gnu11;
				GCC_DYNAMIC_NO_PIC = NO;
				GCC_NO_COMMON_BLOCKS = YES;
				GCC_OPTIMIZATION_LEVEL = 0;
				GCC_PREPROCESSOR_DEFINITIONS = (
					"DEBUG=1",
					"$(inherited)",
				);
				GCC_WARN_64_TO_32_BIT_CONVERSION = YES;
				GCC_WARN_ABOUT_RETURN_TYPE = YES_ERROR;
				GCC_WARN_UNDECLARED_SELECTOR = YES;
				GCC_WARN_UNINITIALIZED_AUTOS = YES_AGGRESSIVE;
				GCC_WARN_UNUSED_FUNCTION = YES;
				GCC_WARN_UNUSED_VARIABLE = YES;
				MTL_ENABLE_DEBUG_INFO = INCLUDE_SOURCE;
				MTL_FAST_MATH = YES;
				ONLY_ACTIVE_ARCH = YES;
				PRODUCT_NAME = "$(TARGET_NAME)";
				SWIFT_ACTIVE_COMPILATION_CONDITIONS = DEBUG;
				SWIFT_OPTIMIZATION_LEVEL = "-Onone";
				SWIFT_VERSION = 5.0;
			};
			name = Debug;
		};
		EDE78BE05DA0E364AC9F39C8 /* Debug */ = {
			isa = XCBuildConfiguration;
			buildSettings = {
				BUNDLE_LOADER = "$(TEST_HOST)";
				CLANG_ENABLE_OBJC_WEAK = NO;
				CODE_SIGN_STYLE = Automatic;
				DEVELOPMENT_TEAM = "";
				GENERATE_INFOPLIST_FILE = YES;
				IPHONEOS_DEPLOYMENT_TARGET = 17.0;
				PRODUCT_BUNDLE_IDENTIFIER = com.zhouyajie.formulapad.tests;
				PRODUCT_NAME = "$(TARGET_NAME)";
				SDKROOT = iphoneos;
				SWIFT_VERSION = 5.0;
				TARGETED_DEVICE_FAMILY = 1;
				TEST_HOST = "$(BUILT_PRODUCTS_DIR)/FormulaPad.app/$(BUNDLE_EXECUTABLE_FOLDER_PATH)/FormulaPad";
			};
			name = Debug;
		};
		FFB6D9324197B8DA2B6C9135 /* Release */ = {
			isa = XCBuildConfiguration;
			buildSettings = {
				ALWAYS_SEARCH_USER_PATHS = NO;
				CLANG_ANALYZER_NONNULL = YES;
				CLANG_ANALYZER_NUMBER_OBJECT_CONVERSION = YES_AGGRESSIVE;
				CLANG_CXX_LANGUAGE_STANDARD = "gnu++14";
				CLANG_CXX_LIBRARY = "libc++";
				CLANG_ENABLE_MODULES = YES;
				CLANG_ENABLE_OBJC_ARC = YES;
				CLANG_ENABLE_OBJC_WEAK = YES;
				CLANG_WARN_BLOCK_CAPTURE_AUTORELEASING = YES;
				CLANG_WARN_BOOL_CONVERSION = YES;
				CLANG_WARN_COMMA = YES;
				CLANG_WARN_CONSTANT_CONVERSION = YES;
				CLANG_WARN_DEPRECATED_OBJC_IMPLEMENTATIONS = YES;
				CLANG_WARN_DIRECT_OBJC_ISA_USAGE = YES_ERROR;
				CLANG_WARN_DOCUMENTATION_COMMENTS = YES;
				CLANG_WARN_EMPTY_BODY = YES;
				CLANG_WARN_ENUM_CONVERSION = YES;
				CLANG_WARN_INFINITE_RECURSION = YES;
				CLANG_WARN_INT_CONVERSION = YES;
				CLANG_WARN_NON_LITERAL_NULL_CONVERSION = YES;
				CLANG_WARN_OBJC_IMPLICIT_RETAIN_SELF = YES;
				CLANG_WARN_OBJC_LITERAL_CONVERSION = YES;
				CLANG_WARN_OBJC_ROOT_CLASS = YES_ERROR;
				CLANG_WARN_QUOTED_INCLUDE_IN_FRAMEWORK_HEADER = YES;
				CLANG_WARN_RANGE_LOOP_ANALYSIS = YES;
				CLANG_WARN_STRICT_PROTOTYPES = YES;
				CLANG_WARN_SUSPICIOUS_MOVE = YES;
				CLANG_WARN_UNGUARDED_AVAILABILITY = YES_AGGRESSIVE;
				CLANG_WARN_UNREACHABLE_CODE = YES;
				CLANG_WARN__DUPLICATE_METHOD_MATCH = YES;
				COPY_PHASE_STRIP = NO;
				DEBUG_INFORMATION_FORMAT = "dwarf-with-dsym";
				ENABLE_NS_ASSERTIONS = NO;
				ENABLE_STRICT_OBJC_MSGSEND = YES;
				GCC_C_LANGUAGE_STANDARD = gnu11;
				GCC_NO_COMMON_BLOCKS = YES;
				GCC_WARN_64_TO_32_BIT_CONVERSION = YES;
				GCC_WARN_ABOUT_RETURN_TYPE = YES_ERROR;
				GCC_WARN_UNDECLARED_SELECTOR = YES;
				GCC_WARN_UNINITIALIZED_AUTOS = YES_AGGRESSIVE;
				GCC_WARN_UNUSED_FUNCTION = YES;
				GCC_WARN_UNUSED_VARIABLE = YES;
				MTL_ENABLE_DEBUG_INFO = NO;
				MTL_FAST_MATH = YES;
				PRODUCT_NAME = "$(TARGET_NAME)";
				SWIFT_COMPILATION_MODE = wholemodule;
				SWIFT_OPTIMIZATION_LEVEL = "-O";
				SWIFT_VERSION = 5.0;
			};
			name = Release;
		};
/* End XCBuildConfiguration section */

/* Begin XCConfigurationList section */
		11B4C3F9D76331423340F632 /* Build configuration list for PBXNativeTarget "FormulaPadTests" */ = {
			isa = XCConfigurationList;
			buildConfigurations = (
				70D30AA23B5D41314086B7FF /* Release */,
				EDE78BE05DA0E364AC9F39C8 /* Debug */,
			);
			defaultConfigurationIsVisible = 0;
			defaultConfigurationName = Release;
		};
		EEFC5BBB50D4E22EE442A208 /* Build configuration list for PBXProject "FormulaPad" */ = {
			isa = XCConfigurationList;
			buildConfigurations = (
				DDE9FBCE3752A34925D2EBE3 /* Debug */,
				FFB6D9324197B8DA2B6C9135 /* Release */,
			);
			defaultConfigurationIsVisible = 0;
			defaultConfigurationName = Release;
		};
		FD012CC39789602316BAD6F0 /* Build configuration list for PBXNativeTarget "FormulaPad" */ = {
			isa = XCConfigurationList;
			buildConfigurations = (
				2676193E182B7ECE847AC468 /* Release */,
				D6B8ED6681FB34310B696290 /* Debug */,
			);
			defaultConfigurationIsVisible = 0;
			defaultConfigurationName = Release;
		};
/* End XCConfigurationList section */
	};
	rootObject = 19F5FD74BCD9194886806AA9 /* Project object */;
}
